<?xml version="1.0" encoding="UTF-8" standalone="yes" ?>
<CodeBlocks_project_file>
	<FileVersion major="1" minor="6" />
	<Project>
		<Option title="acc_create" />
		<Option pch_mode="2" />
		<Option compiler="gcc" />
		<Build>
			<Target title="Debug">
				<Option output="bin/Debug/acc_create" prefix_auto="1" extension_auto="1" />
				<Option object_output="obj/Debug/" />
				<Option type="1" />
				<Option compiler="gcc" />
				<Compiler>
					<Add option="-g" />
				</Compiler>
			</Target>
			<Target title="Release">
				<Option output="bin/Release/acc_create" prefix_auto="1" extension_auto="1" />
				<Option object_output="obj/Release/" />
				<Option type="1" />
				<Option compiler="gcc" />
				<Compiler>
					<Add option="-O2" />
				</Compiler>
				<Linker>
					<Add option="-s" />
				</Linker>
			</Target>
		</Build>
		<Compiler>
			<Add option="-Wall" />
		</Compiler>
		<Unit filename="../../../eosiolib/action.h" />
		<Unit filename="../../../eosiolib/action.hpp" />
		<Unit filename="../../../eosiolib/asset.hpp" />
		<Unit filename="../../../eosiolib/chain.h" />
		<Unit filename="../../../eosiolib/compiler_builtins.h" />
		<Unit filename="../../../eosiolib/contract.hpp" />
		<Unit filename="../../../eosiolib/core_symbol.hpp" />
		<Unit filename="../../../eosiolib/crypto.h" />
		<Unit filename="../../../eosiolib/currency.hpp" />
		<Unit filename="../../../eosiolib/datastream.hpp" />
		<Unit filename="../../../eosiolib/db.h" />
		<Unit filename="../../../eosiolib/dispatcher.hpp" />
		<Unit filename="../../../eosiolib/eosio.hpp" />
		<Unit filename="../../../eosiolib/eosiolib.cpp" />
		<Unit filename="../../../eosiolib/fixed_key.hpp" />
		<Unit filename="../../../eosiolib/fixedpoint.hpp" />
		<Unit filename="../../../eosiolib/memory.h" />
		<Unit filename="../../../eosiolib/memory.hpp" />
		<Unit filename="../../../eosiolib/multi_index.hpp" />
		<Unit filename="../../../eosiolib/optional.hpp" />
		<Unit filename="../../../eosiolib/permission.h" />
		<Unit filename="../../../eosiolib/permission.hpp" />
		<Unit filename="../../../eosiolib/print.h" />
		<Unit filename="../../../eosiolib/print.hpp" />
		<Unit filename="../../../eosiolib/privileged.h" />
		<Unit filename="../../../eosiolib/privileged.hpp" />
		<Unit filename="../../../eosiolib/producer_schedule.hpp" />
		<Unit filename="../../../eosiolib/public_key.hpp" />
		<Unit filename="../../../eosiolib/reflect.hpp" />
		<Unit filename="../../../eosiolib/serialize.hpp" />
		<Unit filename="../../../eosiolib/singleton.hpp" />
		<Unit filename="../../../eosiolib/stdlib.hpp" />
		<Unit filename="../../../eosiolib/symbol.hpp" />
		<Unit filename="../../../eosiolib/system.h" />
		<Unit filename="../../../eosiolib/time.hpp" />
		<Unit filename="../../../eosiolib/transaction.h" />
		<Unit filename="../../../eosiolib/transaction.hpp" />
		<Unit filename="../../../eosiolib/types.h" />
		<Unit filename="../../../eosiolib/types.hpp" />
		<Unit filename="../../../eosiolib/varint.hpp" />
		<Unit filename="../../../eosiolib/vector.hpp" />
		<Unit filename="acc_create.cpp" />
		<Unit filename="acc_create.h" />
		<Unit filename="includes/abieos_numeric.hpp" />
		<Unit filename="src/acc_create.cpp" />
		<Extensions>
			<code_completion />
			<debugger />
		</Extensions>
	</Project>
</CodeBlocks_project_file>
